
Microsoft Visual Studio Solution File, Format Version 12.00
# Visual Studio Version 16
VisualStudioVersion = 16.0.31911.196
MinimumVisualStudioVersion = 10.0.40219.1
Project("{FAE04EC0-301F-11D3-BF4B-00C04F79EFBC}") = "DeckofCardsAPI", "DeckofCardsAPI\DeckofCardsAPI.csproj", "{7C5C5ABB-C4DB-41A6-8704-695C03CEA787}"
EndProject
Global
	GlobalSection(SolutionConfigurationPlatforms) = preSolution
		Debug|Any CPU = Debug|Any CPU
		Release|Any CPU = Release|Any CPU
	EndGlobalSection
	GlobalSection(ProjectConfigurationPlatforms) = postSolution
		{7C5C5ABB-C4DB-41A6-8704-695C03CEA787}.Debug|Any CPU.ActiveCfg = Debug|Any CPU
		{7C5C5ABB-C4DB-41A6-8704-695C03CEA787}.Debug|Any CPU.Build.0 = Debug|Any CPU
		{7C5C5ABB-C4DB-41A6-8704-695C03CEA787}.Release|Any CPU.ActiveCfg = Release|Any CPU
		{7C5C5ABB-C4DB-41A6-8704-695C03CEA787}.Release|Any CPU.Build.0 = Release|Any CPU
	EndGlobalSection
	GlobalSection(SolutionProperties) = preSolution
		HideSolutionNode = FALSE
	EndGlobalSection
	GlobalSection(ExtensibilityGlobals) = postSolution
		SolutionGuid = {DA8C2801-3771-4237-BFBB-ACA8D23A1024}
	EndGlobalSection
EndGlobal
